
Microsoft Visual Studio Solution File, Format Version 12.00
# Visual Studio Version 16
VisualStudioVersion = 16.0.28803.452
MinimumVisualStudioVersion = 10.0.40219.1
Project("{8BC9CEB8-8B4A-11D0-8D11-00A0C91BC942}") = "bitfield", "bitfield.vcxproj", "{A76282B3-4276-4945-9AF2-3AC68111A828}"
EndProject
Global
	GlobalSection(SolutionConfigurationPlatforms) = preSolution
		Debug|x86 = Debug|x86
		Release|x86 = Release|x86
	EndGlobalSection
	GlobalSection(ProjectConfigurationPlatforms) = postSolution
		{A76282B3-4276-4945-9AF2-3AC68111A828}.Debug|x86.ActiveCfg = Debug|Win32
		{A76282B3-4276-4945-9AF2-3AC68111A828}.Debug|x86.Build.0 = Debug|Win32
		{A76282B3-4276-4945-9AF2-3AC68111A828}.Release|x86.ActiveCfg = Release|Win32
		{A76282B3-4276-4945-9AF2-3AC68111A828}.Release|x86.Build.0 = Release|Win32
	EndGlobalSection
	GlobalSection(SolutionProperties) = preSolution
		HideSolutionNode = FALSE
	EndGlobalSection
	GlobalSection(ExtensibilityGlobals) = postSolution
		SolutionGuid = {5D89B6C6-D70C-4980-A60E-EFB2991BB79E}
	EndGlobalSection
EndGlobal
